
Microsoft Visual Studio Solution File, Format Version 12.00
# Visual Studio 2013
VisualStudioVersion = 12.0.31101.0
MinimumVisualStudioVersion = 10.0.40219.1
Project("{FAE04EC0-301F-11D3-BF4B-00C04F79EFBC}") = "FileContentSorter", "FileContentSorter\FileContentSorter.csproj", "{C3BB76A7-817C-461F-8BC0-364836A6B7CD}"
EndProject
Project("{FAE04EC0-301F-11D3-BF4B-00C04F79EFBC}") = "SortFileContentsUnitTester", "SortFileContentsUnitTester\SortFileContentsUnitTester.csproj", "{91C6CC95-5A30-4713-9602-6ABBAED6EE38}"
EndProject
Global
	GlobalSection(SolutionConfigurationPlatforms) = preSolution
		Debug|Any CPU = Debug|Any CPU
		Release|Any CPU = Release|Any CPU
	EndGlobalSection
	GlobalSection(ProjectConfigurationPlatforms) = postSolution
		{C3BB76A7-817C-461F-8BC0-364836A6B7CD}.Debug|Any CPU.ActiveCfg = Debug|Any CPU
		{C3BB76A7-817C-461F-8BC0-364836A6B7CD}.Debug|Any CPU.Build.0 = Debug|Any CPU
		{C3BB76A7-817C-461F-8BC0-364836A6B7CD}.Release|Any CPU.ActiveCfg = Release|Any CPU
		{C3BB76A7-817C-461F-8BC0-364836A6B7CD}.Release|Any CPU.Build.0 = Release|Any CPU
		{91C6CC95-5A30-4713-9602-6ABBAED6EE38}.Debug|Any CPU.ActiveCfg = Debug|Any CPU
		{91C6CC95-5A30-4713-9602-6ABBAED6EE38}.Debug|Any CPU.Build.0 = Debug|Any CPU
		{91C6CC95-5A30-4713-9602-6ABBAED6EE38}.Release|Any CPU.ActiveCfg = Release|Any CPU
		{91C6CC95-5A30-4713-9602-6ABBAED6EE38}.Release|Any CPU.Build.0 = Release|Any CPU
	EndGlobalSection
	GlobalSection(SolutionProperties) = preSolution
		HideSolutionNode = FALSE
	EndGlobalSection
EndGlobal
